
Microsoft Visual Studio Solution File, Format Version 12.00
# Visual Studio Version 16
VisualStudioVersion = 16.0.29123.88
MinimumVisualStudioVersion = 10.0.40219.1
Project("{FAE04EC0-301F-11D3-BF4B-00C04F79EFBC}") = "API", "API\API.csproj", "{4EDCAF1F-108F-40E4-B65D-5D906E9C6B4B}"
EndProject
Global
	GlobalSection(SolutionConfigurationPlatforms) = preSolution
		Debug|Any CPU = Debug|Any CPU
		Release|Any CPU = Release|Any CPU
	EndGlobalSection
	GlobalSection(ProjectConfigurationPlatforms) = postSolution
		{4EDCAF1F-108F-40E4-B65D-5D906E9C6B4B}.Debug|Any CPU.ActiveCfg = Debug|Any CPU
		{4EDCAF1F-108F-40E4-B65D-5D906E9C6B4B}.Debug|Any CPU.Build.0 = Debug|Any CPU
		{4EDCAF1F-108F-40E4-B65D-5D906E9C6B4B}.Release|Any CPU.ActiveCfg = Release|Any CPU
		{4EDCAF1F-108F-40E4-B65D-5D906E9C6B4B}.Release|Any CPU.Build.0 = Release|Any CPU
	EndGlobalSection
	GlobalSection(SolutionProperties) = preSolution
		HideSolutionNode = FALSE
	EndGlobalSection
	GlobalSection(ExtensibilityGlobals) = postSolution
		SolutionGuid = {32EA07FC-2120-465A-8757-D20AB4D816FB}
	EndGlobalSection
EndGlobal
